Microsoft Visual Studio Solution File, Format Version 12.00
# Visual Studio Version 17
VisualStudioVersion = 17.0.31903.59
MinimumVisualStudioVersion = 10.0.40219.1
Project("{2150E333-8FDC-42A3-9474-1A3956D46DE8}") = "src", "src", "{0FE600EC-F3B1-4F93-8289-C62BED6E9C82}"
EndProject
Project("{FAE04EC0-301F-11D3-BF4B-00C04F79EFBC}") = "Application", "src\Application\Application.csproj", "{DA0CF1E6-1388-4C8D-A7C3-8E6F0D5747AC}"
EndProject
Project("{FAE04EC0-301F-11D3-BF4B-00C04F79EFBC}") = "Domain", "src\Domain\Domain.csproj", "{573435C0-FBE6-4E5A-823F-0ABB291B6A49}"
EndProject
Project("{FAE04EC0-301F-11D3-BF4B-00C04F79EFBC}") = "WpfApp", "src\WpfApp\WpfApp.csproj", "{C08C6A50-BE49-4333-A596-FB94394A3156}"
EndProject
Project("{FAE04EC0-301F-11D3-BF4B-00C04F79EFBC}") = "Infrastructure", "src\Infrastructure\Infrastructure.csproj", "{EB1A13DB-9739-4684-A241-A882B8990CA2}"
EndProject
Global
	GlobalSection(SolutionConfigurationPlatforms) = preSolution
		Debug|Any CPU = Debug|Any CPU
		Debug|x64 = Debug|x64
		Debug|x86 = Debug|x86
		Release|Any CPU = Release|Any CPU
		Release|x64 = Release|x64
		Release|x86 = Release|x86
	EndGlobalSection
	GlobalSection(ProjectConfigurationPlatforms) = postSolution
		{3C8F5BA7-9A3A-4392-B90D-FD29CC64EA82}.Debug|Any CPU.ActiveCfg = Debug|Any CPU
		{3C8F5BA7-9A3A-4392-B90D-FD29CC64EA82}.Debug|Any CPU.Build.0 = Debug|Any CPU
		{3C8F5BA7-9A3A-4392-B90D-FD29CC64EA82}.Debug|x64.ActiveCfg = Debug|Any CPU
		{3C8F5BA7-9A3A-4392-B90D-FD29CC64EA82}.Debug|x64.Build.0 = Debug|Any CPU
		{3C8F5BA7-9A3A-4392-B90D-FD29CC64EA82}.Debug|x86.ActiveCfg = Debug|Any CPU
		{3C8F5BA7-9A3A-4392-B90D-FD29CC64EA82}.Debug|x86.Build.0 = Debug|Any CPU
		{3C8F5BA7-9A3A-4392-B90D-FD29CC64EA82}.Release|Any CPU.ActiveCfg = Release|Any CPU
		{3C8F5BA7-9A3A-4392-B90D-FD29CC64EA82}.Release|Any CPU.Build.0 = Release|Any CPU
		{3C8F5BA7-9A3A-4392-B90D-FD29CC64EA82}.Release|x64.ActiveCfg = Release|Any CPU
		{3C8F5BA7-9A3A-4392-B90D-FD29CC64EA82}.Release|x64.Build.0 = Release|Any CPU
		{3C8F5BA7-9A3A-4392-B90D-FD29CC64EA82}.Release|x86.ActiveCfg = Release|Any CPU
		{3C8F5BA7-9A3A-4392-B90D-FD29CC64EA82}.Release|x86.Build.0 = Release|Any CPU
		{2BB2C849-F88D-40E8-8AB9-63893FB5E2D1}.Debug|Any CPU.ActiveCfg = Debug|Any CPU
		{2BB2C849-F88D-40E8-8AB9-63893FB5E2D1}.Debug|Any CPU.Build.0 = Debug|Any CPU
		{2BB2C849-F88D-40E8-8AB9-63893FB5E2D1}.Debug|x64.ActiveCfg = Debug|Any CPU
		{2BB2C849-F88D-40E8-8AB9-63893FB5E2D1}.Debug|x64.Build.0 = Debug|Any CPU
		{2BB2C849-F88D-40E8-8AB9-63893FB5E2D1}.Debug|x86.ActiveCfg = Debug|Any CPU
		{2BB2C849-F88D-40E8-8AB9-63893FB5E2D1}.Debug|x86.Build.0 = Debug|Any CPU
		{2BB2C849-F88D-40E8-8AB9-63893FB5E2D1}.Release|Any CPU.ActiveCfg = Release|Any CPU
		{2BB2C849-F88D-40E8-8AB9-63893FB5E2D1}.Release|Any CPU.Build.0 = Release|Any CPU
		{2BB2C849-F88D-40E8-8AB9-63893FB5E2D1}.Release|x64.ActiveCfg = Release|Any CPU
		{2BB2C849-F88D-40E8-8AB9-63893FB5E2D1}.Release|x64.Build.0 = Release|Any CPU
		{2BB2C849-F88D-40E8-8AB9-63893FB5E2D1}.Release|x86.ActiveCfg = Release|Any CPU
		{2BB2C849-F88D-40E8-8AB9-63893FB5E2D1}.Release|x86.Build.0 = Release|Any CPU
		{DA0CF1E6-1388-4C8D-A7C3-8E6F0D5747AC}.Debug|Any CPU.ActiveCfg = Debug|Any CPU
		{DA0CF1E6-1388-4C8D-A7C3-8E6F0D5747AC}.Debug|Any CPU.Build.0 = Debug|Any CPU
		{DA0CF1E6-1388-4C8D-A7C3-8E6F0D5747AC}.Debug|x64.ActiveCfg = Debug|Any CPU
		{DA0CF1E6-1388-4C8D-A7C3-8E6F0D5747AC}.Debug|x64.Build.0 = Debug|Any CPU
		{DA0CF1E6-1388-4C8D-A7C3-8E6F0D5747AC}.Debug|x86.ActiveCfg = Debug|Any CPU
		{DA0CF1E6-1388-4C8D-A7C3-8E6F0D5747AC}.Debug|x86.Build.0 = Debug|Any CPU
		{DA0CF1E6-1388-4C8D-A7C3-8E6F0D5747AC}.Release|Any CPU.ActiveCfg = Release|Any CPU
		{DA0CF1E6-1388-4C8D-A7C3-8E6F0D5747AC}.Release|Any CPU.Build.0 = Release|Any CPU
		{DA0CF1E6-1388-4C8D-A7C3-8E6F0D5747AC}.Release|x64.ActiveCfg = Release|Any CPU
		{DA0CF1E6-1388-4C8D-A7C3-8E6F0D5747AC}.Release|x64.Build.0 = Release|Any CPU
		{DA0CF1E6-1388-4C8D-A7C3-8E6F0D5747AC}.Release|x86.ActiveCfg = Release|Any CPU
		{DA0CF1E6-1388-4C8D-A7C3-8E6F0D5747AC}.Release|x86.Build.0 = Release|Any CPU
		{573435C0-FBE6-4E5A-823F-0ABB291B6A49}.Debug|Any CPU.ActiveCfg = Debug|Any CPU
		{573435C0-FBE6-4E5A-823F-0ABB291B6A49}.Debug|Any CPU.Build.0 = Debug|Any CPU
		{573435C0-FBE6-4E5A-823F-0ABB291B6A49}.Debug|x64.ActiveCfg = Debug|Any CPU
		{573435C0-FBE6-4E5A-823F-0ABB291B6A49}.Debug|x64.Build.0 = Debug|Any CPU
		{573435C0-FBE6-4E5A-823F-0ABB291B6A49}.Debug|x86.ActiveCfg = Debug|Any CPU
		{573435C0-FBE6-4E5A-823F-0ABB291B6A49}.Debug|x86.Build.0 = Debug|Any CPU
		{573435C0-FBE6-4E5A-823F-0ABB291B6A49}.Release|Any CPU.ActiveCfg = Release|Any CPU
		{573435C0-FBE6-4E5A-823F-0ABB291B6A49}.Release|Any CPU.Build.0 = Release|Any CPU
		{573435C0-FBE6-4E5A-823F-0ABB291B6A49}.Release|x64.ActiveCfg = Release|Any CPU
		{573435C0-FBE6-4E5A-823F-0ABB291B6A49}.Release|x64.Build.0 = Release|Any CPU
		{573435C0-FBE6-4E5A-823F-0ABB291B6A49}.Release|x86.ActiveCfg = Release|Any CPU
		{573435C0-FBE6-4E5A-823F-0ABB291B6A49}.Release|x86.Build.0 = Release|Any CPU
		{C08C6A50-BE49-4333-A596-FB94394A3156}.Debug|Any CPU.ActiveCfg = Debug|Any CPU
		{C08C6A50-BE49-4333-A596-FB94394A3156}.Debug|Any CPU.Build.0 = Debug|Any CPU
		{C08C6A50-BE49-4333-A596-FB94394A3156}.Debug|x64.ActiveCfg = Debug|Any CPU
		{C08C6A50-BE49-4333-A596-FB94394A3156}.Debug|x64.Build.0 = Debug|Any CPU
		{C08C6A50-BE49-4333-A596-FB94394A3156}.Debug|x86.ActiveCfg = Debug|Any CPU
		{C08C6A50-BE49-4333-A596-FB94394A3156}.Debug|x86.Build.0 = Debug|Any CPU
		{C08C6A50-BE49-4333-A596-FB94394A3156}.Release|Any CPU.ActiveCfg = Release|Any CPU
		{C08C6A50-BE49-4333-A596-FB94394A3156}.Release|Any CPU.Build.0 = Release|Any CPU
		{C08C6A50-BE49-4333-A596-FB94394A3156}.Release|x64.ActiveCfg = Release|Any CPU
		{C08C6A50-BE49-4333-A596-FB94394A3156}.Release|x64.Build.0 = Release|Any CPU
		{C08C6A50-BE49-4333-A596-FB94394A3156}.Release|x86.ActiveCfg = Release|Any CPU
		{C08C6A50-BE49-4333-A596-FB94394A3156}.Release|x86.Build.0 = Release|Any CPU
		{EB1A13DB-9739-4684-A241-A882B8990CA2}.Debug|Any CPU.ActiveCfg = Debug|Any CPU
		{EB1A13DB-9739-4684-A241-A882B8990CA2}.Debug|Any CPU.Build.0 = Debug|Any CPU
		{EB1A13DB-9739-4684-A241-A882B8990CA2}.Debug|x64.ActiveCfg = Debug|Any CPU
		{EB1A13DB-9739-4684-A241-A882B8990CA2}.Debug|x64.Build.0 = Debug|Any CPU
		{EB1A13DB-9739-4684-A241-A882B8990CA2}.Debug|x86.ActiveCfg = Debug|Any CPU
		{EB1A13DB-9739-4684-A241-A882B8990CA2}.Debug|x86.Build.0 = Debug|Any CPU
		{EB1A13DB-9739-4684-A241-A882B8990CA2}.Release|Any CPU.ActiveCfg = Release|Any CPU
		{EB1A13DB-9739-4684-A241-A882B8990CA2}.Release|Any CPU.Build.0 = Release|Any CPU
		{EB1A13DB-9739-4684-A241-A882B8990CA2}.Release|x64.ActiveCfg = Release|Any CPU
		{EB1A13DB-9739-4684-A241-A882B8990CA2}.Release|x64.Build.0 = Release|Any CPU
		{EB1A13DB-9739-4684-A241-A882B8990CA2}.Release|x86.ActiveCfg = Release|Any CPU
		{EB1A13DB-9739-4684-A241-A882B8990CA2}.Release|x86.Build.0 = Release|Any CPU
	EndGlobalSection
	GlobalSection(SolutionProperties) = preSolution
		HideSolutionNode = FALSE
	EndGlobalSection
EndGlobal
