
Microsoft Visual Studio Solution File, Format Version 12.00
# Visual Studio Version 17
VisualStudioVersion = 17.0.31903.59
MinimumVisualStudioVersion = 10.0.40219.1
Project("{2150E333-8FDC-42A3-9474-1A3956D46DE8}") = "src", "src", "{827E0CD3-B72D-47B6-A68D-7590B98EB39B}"
EndProject
Project("{FAE04EC0-301F-11D3-BF4B-00C04F79EFBC}") = "Domain", "src\Domain\Domain.csproj", "{163CA15A-4C13-4902-A7C7-58162D045E3D}"
EndProject
Project("{FAE04EC0-301F-11D3-BF4B-00C04F79EFBC}") = "Application", "src\Application\Application.csproj", "{D59357AB-2803-4919-BEEE-3DD31CD3CFB8}"
EndProject
Project("{FAE04EC0-301F-11D3-BF4B-00C04F79EFBC}") = "Infrastructure", "src\Infrastructure\Infrastructure.csproj", "{265FEAE6-D5AE-46F6-A3EB-F6786C6EE078}"
EndProject
Project("{FAE04EC0-301F-11D3-BF4B-00C04F79EFBC}") = "WebUI", "src\WebUI\WebUI.csproj", "{EAA290E6-D854-4FDB-B14C-8B74D8031113}"
EndProject
Project("{FAE04EC0-301F-11D3-BF4B-00C04F79EFBC}") = "WpfApp", "src\WpfApp\WpfApp.csproj", "{904C34EE-F0CE-4F72-81B5-61E6A7CD4CDA}"
EndProject
Global
	GlobalSection(SolutionConfigurationPlatforms) = preSolution
		Debug|Any CPU = Debug|Any CPU
		Debug|x64 = Debug|x64
		Debug|x86 = Debug|x86
		Release|Any CPU = Release|Any CPU
		Release|x64 = Release|x64
		Release|x86 = Release|x86
	EndGlobalSection
	GlobalSection(ProjectConfigurationPlatforms) = postSolution
		{163CA15A-4C13-4902-A7C7-58162D045E3D}.Debug|Any CPU.ActiveCfg = Debug|Any CPU
		{163CA15A-4C13-4902-A7C7-58162D045E3D}.Debug|Any CPU.Build.0 = Debug|Any CPU
		{163CA15A-4C13-4902-A7C7-58162D045E3D}.Debug|x64.ActiveCfg = Debug|Any CPU
		{163CA15A-4C13-4902-A7C7-58162D045E3D}.Debug|x64.Build.0 = Debug|Any CPU
		{163CA15A-4C13-4902-A7C7-58162D045E3D}.Debug|x86.ActiveCfg = Debug|Any CPU
		{163CA15A-4C13-4902-A7C7-58162D045E3D}.Debug|x86.Build.0 = Debug|Any CPU
		{163CA15A-4C13-4902-A7C7-58162D045E3D}.Release|Any CPU.ActiveCfg = Release|Any CPU
		{163CA15A-4C13-4902-A7C7-58162D045E3D}.Release|Any CPU.Build.0 = Release|Any CPU
		{163CA15A-4C13-4902-A7C7-58162D045E3D}.Release|x64.ActiveCfg = Release|Any CPU
		{163CA15A-4C13-4902-A7C7-58162D045E3D}.Release|x64.Build.0 = Release|Any CPU
		{163CA15A-4C13-4902-A7C7-58162D045E3D}.Release|x86.ActiveCfg = Release|Any CPU
		{163CA15A-4C13-4902-A7C7-58162D045E3D}.Release|x86.Build.0 = Release|Any CPU
		{D59357AB-2803-4919-BEEE-3DD31CD3CFB8}.Debug|Any CPU.ActiveCfg = Debug|Any CPU
		{D59357AB-2803-4919-BEEE-3DD31CD3CFB8}.Debug|Any CPU.Build.0 = Debug|Any CPU
		{D59357AB-2803-4919-BEEE-3DD31CD3CFB8}.Debug|x64.ActiveCfg = Debug|Any CPU
		{D59357AB-2803-4919-BEEE-3DD31CD3CFB8}.Debug|x64.Build.0 = Debug|Any CPU
		{D59357AB-2803-4919-BEEE-3DD31CD3CFB8}.Debug|x86.ActiveCfg = Debug|Any CPU
		{D59357AB-2803-4919-BEEE-3DD31CD3CFB8}.Debug|x86.Build.0 = Debug|Any CPU
		{D59357AB-2803-4919-BEEE-3DD31CD3CFB8}.Release|Any CPU.ActiveCfg = Release|Any CPU
		{D59357AB-2803-4919-BEEE-3DD31CD3CFB8}.Release|Any CPU.Build.0 = Release|Any CPU
		{D59357AB-2803-4919-BEEE-3DD31CD3CFB8}.Release|x64.ActiveCfg = Release|Any CPU
		{D59357AB-2803-4919-BEEE-3DD31CD3CFB8}.Release|x64.Build.0 = Release|Any CPU
		{D59357AB-2803-4919-BEEE-3DD31CD3CFB8}.Release|x86.ActiveCfg = Release|Any CPU
		{D59357AB-2803-4919-BEEE-3DD31CD3CFB8}.Release|x86.Build.0 = Release|Any CPU
		{265FEAE6-D5AE-46F6-A3EB-F6786C6EE078}.Debug|Any CPU.ActiveCfg = Debug|Any CPU
		{265FEAE6-D5AE-46F6-A3EB-F6786C6EE078}.Debug|Any CPU.Build.0 = Debug|Any CPU
		{265FEAE6-D5AE-46F6-A3EB-F6786C6EE078}.Debug|x64.ActiveCfg = Debug|Any CPU
		{265FEAE6-D5AE-46F6-A3EB-F6786C6EE078}.Debug|x64.Build.0 = Debug|Any CPU
		{265FEAE6-D5AE-46F6-A3EB-F6786C6EE078}.Debug|x86.ActiveCfg = Debug|Any CPU
		{265FEAE6-D5AE-46F6-A3EB-F6786C6EE078}.Debug|x86.Build.0 = Debug|Any CPU
		{265FEAE6-D5AE-46F6-A3EB-F6786C6EE078}.Release|Any CPU.ActiveCfg = Release|Any CPU
		{265FEAE6-D5AE-46F6-A3EB-F6786C6EE078}.Release|Any CPU.Build.0 = Release|Any CPU
		{265FEAE6-D5AE-46F6-A3EB-F6786C6EE078}.Release|x64.ActiveCfg = Release|Any CPU
		{265FEAE6-D5AE-46F6-A3EB-F6786C6EE078}.Release|x64.Build.0 = Release|Any CPU
		{265FEAE6-D5AE-46F6-A3EB-F6786C6EE078}.Release|x86.ActiveCfg = Release|Any CPU
		{265FEAE6-D5AE-46F6-A3EB-F6786C6EE078}.Release|x86.Build.0 = Release|Any CPU
		{EAA290E6-D854-4FDB-B14C-8B74D8031113}.Debug|Any CPU.ActiveCfg = Debug|Any CPU
		{EAA290E6-D854-4FDB-B14C-8B74D8031113}.Debug|Any CPU.Build.0 = Debug|Any CPU
		{EAA290E6-D854-4FDB-B14C-8B74D8031113}.Debug|x64.ActiveCfg = Debug|Any CPU
		{EAA290E6-D854-4FDB-B14C-8B74D8031113}.Debug|x64.Build.0 = Debug|Any CPU
		{EAA290E6-D854-4FDB-B14C-8B74D8031113}.Debug|x86.ActiveCfg = Debug|Any CPU
		{EAA290E6-D854-4FDB-B14C-8B74D8031113}.Debug|x86.Build.0 = Debug|Any CPU
		{EAA290E6-D854-4FDB-B14C-8B74D8031113}.Release|Any CPU.ActiveCfg = Release|Any CPU
		{EAA290E6-D854-4FDB-B14C-8B74D8031113}.Release|Any CPU.Build.0 = Release|Any CPU
		{EAA290E6-D854-4FDB-B14C-8B74D8031113}.Release|x64.ActiveCfg = Release|Any CPU
		{EAA290E6-D854-4FDB-B14C-8B74D8031113}.Release|x64.Build.0 = Release|Any CPU
		{EAA290E6-D854-4FDB-B14C-8B74D8031113}.Release|x86.ActiveCfg = Release|Any CPU
		{EAA290E6-D854-4FDB-B14C-8B74D8031113}.Release|x86.Build.0 = Release|Any CPU
		{904C34EE-F0CE-4F72-81B5-61E6A7CD4CDA}.Debug|Any CPU.ActiveCfg = Debug|Any CPU
		{904C34EE-F0CE-4F72-81B5-61E6A7CD4CDA}.Debug|Any CPU.Build.0 = Debug|Any CPU
		{904C34EE-F0CE-4F72-81B5-61E6A7CD4CDA}.Debug|x64.ActiveCfg = Debug|Any CPU
		{904C34EE-F0CE-4F72-81B5-61E6A7CD4CDA}.Debug|x64.Build.0 = Debug|Any CPU
		{904C34EE-F0CE-4F72-81B5-61E6A7CD4CDA}.Debug|x86.ActiveCfg = Debug|Any CPU
		{904C34EE-F0CE-4F72-81B5-61E6A7CD4CDA}.Debug|x86.Build.0 = Debug|Any CPU
		{904C34EE-F0CE-4F72-81B5-61E6A7CD4CDA}.Release|Any CPU.ActiveCfg = Release|Any CPU
		{904C34EE-F0CE-4F72-81B5-61E6A7CD4CDA}.Release|Any CPU.Build.0 = Release|Any CPU
		{904C34EE-F0CE-4F72-81B5-61E6A7CD4CDA}.Release|x64.ActiveCfg = Release|Any CPU
		{904C34EE-F0CE-4F72-81B5-61E6A7CD4CDA}.Release|x64.Build.0 = Release|Any CPU
		{904C34EE-F0CE-4F72-81B5-61E6A7CD4CDA}.Release|x86.ActiveCfg = Release|Any CPU
		{904C34EE-F0CE-4F72-81B5-61E6A7CD4CDA}.Release|x86.Build.0 = Release|Any CPU
	EndGlobalSection
	GlobalSection(SolutionProperties) = preSolution
		HideSolutionNode = FALSE
	EndGlobalSection
	GlobalSection(NestedProjects) = preSolution
		{163CA15A-4C13-4902-A7C7-58162D045E3D} = {827E0CD3-B72D-47B6-A68D-7590B98EB39B}
		{D59357AB-2803-4919-BEEE-3DD31CD3CFB8} = {827E0CD3-B72D-47B6-A68D-7590B98EB39B}
		{265FEAE6-D5AE-46F6-A3EB-F6786C6EE078} = {827E0CD3-B72D-47B6-A68D-7590B98EB39B}
		{EAA290E6-D854-4FDB-B14C-8B74D8031113} = {827E0CD3-B72D-47B6-A68D-7590B98EB39B}
		{904C34EE-F0CE-4F72-81B5-61E6A7CD4CDA} = {827E0CD3-B72D-47B6-A68D-7590B98EB39B}
	EndGlobalSection
EndGlobal
